
Microsoft Visual Studio Solution File, Format Version 12.00
# Visual Studio 15
VisualStudioVersion = 15.0.27428.2043
MinimumVisualStudioVersion = 10.0.40219.1
Project("{2150E333-8FDC-42A3-9474-1A3956D46DE8}") = "solution", "solution", "{EA626EE2-F6F0-4203-9863-C38F0AD9B720}"
	ProjectSection(SolutionItems) = preProject
		.editorconfig = .editorconfig
		.gitattributes = .gitattributes
		.gitignore = .gitignore
		CodeStyles.ruleset = CodeStyles.ruleset
		Directory.Build.props = Directory.Build.props
		Directory.Build.targets = Directory.Build.targets
		README.md = README.md
		stylecop.json = stylecop.json
	EndProjectSection
EndProject
Project("{2150E333-8FDC-42A3-9474-1A3956D46DE8}") = "src", "src", "{D4C58903-6285-408F-BCA1-33CC76798C4E}"
EndProject
Project("{2150E333-8FDC-42A3-9474-1A3956D46DE8}") = "test", "test", "{E16E18D4-7762-45C2-BADE-F0FA8651E82C}"
EndProject
Project("{9A19103F-16F7-4668-BE54-9A1E7A4F7556}") = "TicTacToe", "src\TicTacToe\TicTacToe.csproj", "{AFA7E606-B388-40A6-BB99-88F25223685F}"
EndProject
Project("{9A19103F-16F7-4668-BE54-9A1E7A4F7556}") = "TicTacToeTests", "test\TicTacToeTests\TicTacToeTests.csproj", "{B8B48A9B-B68D-40F4-873B-C44DDBF20B1D}"
EndProject
Project("{9A19103F-16F7-4668-BE54-9A1E7A4F7556}") = "TicTacToe.UI", "src\TicTacToe.UI\TicTacToe.UI.csproj", "{DB00B639-F48A-43ED-95E1-BEC44961FA24}"
EndProject
Project("{FAE04EC0-301F-11D3-BF4B-00C04F79EFBC}") = "TicTacToe.UWP", "src\TicTacToe.UWP\TicTacToe.UWP.csproj", "{5337FB7B-0491-441C-B9E8-0ADDDF02283E}"
EndProject
Project("{FAE04EC0-301F-11D3-BF4B-00C04F79EFBC}") = "TicTacToe.UI.Tests", "test\TicTacToe.UI.Tests\TicTacToe.UI.Tests.csproj", "{83D9FA64-4EB5-45C7-A462-81A62D25428B}"
EndProject
Global
	GlobalSection(SolutionConfigurationPlatforms) = preSolution
		Debug|Any CPU = Debug|Any CPU
		Debug|ARM = Debug|ARM
		Debug|x64 = Debug|x64
		Debug|x86 = Debug|x86
		Release|Any CPU = Release|Any CPU
		Release|ARM = Release|ARM
		Release|x64 = Release|x64
		Release|x86 = Release|x86
	EndGlobalSection
	GlobalSection(ProjectConfigurationPlatforms) = postSolution
		{AFA7E606-B388-40A6-BB99-88F25223685F}.Debug|Any CPU.ActiveCfg = Debug|Any CPU
		{AFA7E606-B388-40A6-BB99-88F25223685F}.Debug|Any CPU.Build.0 = Debug|Any CPU
		{AFA7E606-B388-40A6-BB99-88F25223685F}.Debug|ARM.ActiveCfg = Debug|Any CPU
		{AFA7E606-B388-40A6-BB99-88F25223685F}.Debug|ARM.Build.0 = Debug|Any CPU
		{AFA7E606-B388-40A6-BB99-88F25223685F}.Debug|x64.ActiveCfg = Debug|Any CPU
		{AFA7E606-B388-40A6-BB99-88F25223685F}.Debug|x64.Build.0 = Debug|Any CPU
		{AFA7E606-B388-40A6-BB99-88F25223685F}.Debug|x86.ActiveCfg = Debug|Any CPU
		{AFA7E606-B388-40A6-BB99-88F25223685F}.Debug|x86.Build.0 = Debug|Any CPU
		{AFA7E606-B388-40A6-BB99-88F25223685F}.Release|Any CPU.ActiveCfg = Release|Any CPU
		{AFA7E606-B388-40A6-BB99-88F25223685F}.Release|Any CPU.Build.0 = Release|Any CPU
		{AFA7E606-B388-40A6-BB99-88F25223685F}.Release|ARM.ActiveCfg = Release|Any CPU
		{AFA7E606-B388-40A6-BB99-88F25223685F}.Release|ARM.Build.0 = Release|Any CPU
		{AFA7E606-B388-40A6-BB99-88F25223685F}.Release|x64.ActiveCfg = Release|Any CPU
		{AFA7E606-B388-40A6-BB99-88F25223685F}.Release|x64.Build.0 = Release|Any CPU
		{AFA7E606-B388-40A6-BB99-88F25223685F}.Release|x86.ActiveCfg = Release|Any CPU
		{AFA7E606-B388-40A6-BB99-88F25223685F}.Release|x86.Build.0 = Release|Any CPU
		{B8B48A9B-B68D-40F4-873B-C44DDBF20B1D}.Debug|Any CPU.ActiveCfg = Debug|Any CPU
		{B8B48A9B-B68D-40F4-873B-C44DDBF20B1D}.Debug|Any CPU.Build.0 = Debug|Any CPU
		{B8B48A9B-B68D-40F4-873B-C44DDBF20B1D}.Debug|ARM.ActiveCfg = Debug|Any CPU
		{B8B48A9B-B68D-40F4-873B-C44DDBF20B1D}.Debug|ARM.Build.0 = Debug|Any CPU
		{B8B48A9B-B68D-40F4-873B-C44DDBF20B1D}.Debug|x64.ActiveCfg = Debug|Any CPU
		{B8B48A9B-B68D-40F4-873B-C44DDBF20B1D}.Debug|x64.Build.0 = Debug|Any CPU
		{B8B48A9B-B68D-40F4-873B-C44DDBF20B1D}.Debug|x86.ActiveCfg = Debug|Any CPU
		{B8B48A9B-B68D-40F4-873B-C44DDBF20B1D}.Debug|x86.Build.0 = Debug|Any CPU
		{B8B48A9B-B68D-40F4-873B-C44DDBF20B1D}.Release|Any CPU.ActiveCfg = Release|Any CPU
		{B8B48A9B-B68D-40F4-873B-C44DDBF20B1D}.Release|Any CPU.Build.0 = Release|Any CPU
		{B8B48A9B-B68D-40F4-873B-C44DDBF20B1D}.Release|ARM.ActiveCfg = Release|Any CPU
		{B8B48A9B-B68D-40F4-873B-C44DDBF20B1D}.Release|ARM.Build.0 = Release|Any CPU
		{B8B48A9B-B68D-40F4-873B-C44DDBF20B1D}.Release|x64.ActiveCfg = Release|Any CPU
		{B8B48A9B-B68D-40F4-873B-C44DDBF20B1D}.Release|x64.Build.0 = Release|Any CPU
		{B8B48A9B-B68D-40F4-873B-C44DDBF20B1D}.Release|x86.ActiveCfg = Release|Any CPU
		{B8B48A9B-B68D-40F4-873B-C44DDBF20B1D}.Release|x86.Build.0 = Release|Any CPU
		{DB00B639-F48A-43ED-95E1-BEC44961FA24}.Debug|Any CPU.ActiveCfg = Debug|Any CPU
		{DB00B639-F48A-43ED-95E1-BEC44961FA24}.Debug|Any CPU.Build.0 = Debug|Any CPU
		{DB00B639-F48A-43ED-95E1-BEC44961FA24}.Debug|ARM.ActiveCfg = Debug|Any CPU
		{DB00B639-F48A-43ED-95E1-BEC44961FA24}.Debug|ARM.Build.0 = Debug|Any CPU
		{DB00B639-F48A-43ED-95E1-BEC44961FA24}.Debug|x64.ActiveCfg = Debug|Any CPU
		{DB00B639-F48A-43ED-95E1-BEC44961FA24}.Debug|x64.Build.0 = Debug|Any CPU
		{DB00B639-F48A-43ED-95E1-BEC44961FA24}.Debug|x86.ActiveCfg = Debug|Any CPU
		{DB00B639-F48A-43ED-95E1-BEC44961FA24}.Debug|x86.Build.0 = Debug|Any CPU
		{DB00B639-F48A-43ED-95E1-BEC44961FA24}.Release|Any CPU.ActiveCfg = Release|Any CPU
		{DB00B639-F48A-43ED-95E1-BEC44961FA24}.Release|Any CPU.Build.0 = Release|Any CPU
		{DB00B639-F48A-43ED-95E1-BEC44961FA24}.Release|ARM.ActiveCfg = Release|Any CPU
		{DB00B639-F48A-43ED-95E1-BEC44961FA24}.Release|ARM.Build.0 = Release|Any CPU
		{DB00B639-F48A-43ED-95E1-BEC44961FA24}.Release|x64.ActiveCfg = Release|Any CPU
		{DB00B639-F48A-43ED-95E1-BEC44961FA24}.Release|x64.Build.0 = Release|Any CPU
		{DB00B639-F48A-43ED-95E1-BEC44961FA24}.Release|x86.ActiveCfg = Release|Any CPU
		{DB00B639-F48A-43ED-95E1-BEC44961FA24}.Release|x86.Build.0 = Release|Any CPU
		{5337FB7B-0491-441C-B9E8-0ADDDF02283E}.Debug|Any CPU.ActiveCfg = Debug|x86
		{5337FB7B-0491-441C-B9E8-0ADDDF02283E}.Debug|Any CPU.Build.0 = Debug|x86
		{5337FB7B-0491-441C-B9E8-0ADDDF02283E}.Debug|Any CPU.Deploy.0 = Debug|x86
		{5337FB7B-0491-441C-B9E8-0ADDDF02283E}.Debug|ARM.ActiveCfg = Debug|ARM
		{5337FB7B-0491-441C-B9E8-0ADDDF02283E}.Debug|ARM.Build.0 = Debug|ARM
		{5337FB7B-0491-441C-B9E8-0ADDDF02283E}.Debug|ARM.Deploy.0 = Debug|ARM
		{5337FB7B-0491-441C-B9E8-0ADDDF02283E}.Debug|x64.ActiveCfg = Debug|x64
		{5337FB7B-0491-441C-B9E8-0ADDDF02283E}.Debug|x64.Build.0 = Debug|x64
		{5337FB7B-0491-441C-B9E8-0ADDDF02283E}.Debug|x64.Deploy.0 = Debug|x64
		{5337FB7B-0491-441C-B9E8-0ADDDF02283E}.Debug|x86.ActiveCfg = Debug|x86
		{5337FB7B-0491-441C-B9E8-0ADDDF02283E}.Debug|x86.Build.0 = Debug|x86
		{5337FB7B-0491-441C-B9E8-0ADDDF02283E}.Debug|x86.Deploy.0 = Debug|x86
		{5337FB7B-0491-441C-B9E8-0ADDDF02283E}.Release|Any CPU.ActiveCfg = Release|x86
		{5337FB7B-0491-441C-B9E8-0ADDDF02283E}.Release|ARM.ActiveCfg = Release|ARM
		{5337FB7B-0491-441C-B9E8-0ADDDF02283E}.Release|ARM.Build.0 = Release|ARM
		{5337FB7B-0491-441C-B9E8-0ADDDF02283E}.Release|ARM.Deploy.0 = Release|ARM
		{5337FB7B-0491-441C-B9E8-0ADDDF02283E}.Release|x64.ActiveCfg = Release|x64
		{5337FB7B-0491-441C-B9E8-0ADDDF02283E}.Release|x64.Build.0 = Release|x64
		{5337FB7B-0491-441C-B9E8-0ADDDF02283E}.Release|x64.Deploy.0 = Release|x64
		{5337FB7B-0491-441C-B9E8-0ADDDF02283E}.Release|x86.ActiveCfg = Release|x86
		{5337FB7B-0491-441C-B9E8-0ADDDF02283E}.Release|x86.Build.0 = Release|x86
		{5337FB7B-0491-441C-B9E8-0ADDDF02283E}.Release|x86.Deploy.0 = Release|x86
		{83D9FA64-4EB5-45C7-A462-81A62D25428B}.Debug|Any CPU.ActiveCfg = Debug|Any CPU
		{83D9FA64-4EB5-45C7-A462-81A62D25428B}.Debug|Any CPU.Build.0 = Debug|Any CPU
		{83D9FA64-4EB5-45C7-A462-81A62D25428B}.Debug|ARM.ActiveCfg = Debug|Any CPU
		{83D9FA64-4EB5-45C7-A462-81A62D25428B}.Debug|ARM.Build.0 = Debug|Any CPU
		{83D9FA64-4EB5-45C7-A462-81A62D25428B}.Debug|x64.ActiveCfg = Debug|Any CPU
		{83D9FA64-4EB5-45C7-A462-81A62D25428B}.Debug|x64.Build.0 = Debug|Any CPU
		{83D9FA64-4EB5-45C7-A462-81A62D25428B}.Debug|x86.ActiveCfg = Debug|Any CPU
		{83D9FA64-4EB5-45C7-A462-81A62D25428B}.Debug|x86.Build.0 = Debug|Any CPU
		{83D9FA64-4EB5-45C7-A462-81A62D25428B}.Release|Any CPU.ActiveCfg = Release|Any CPU
		{83D9FA64-4EB5-45C7-A462-81A62D25428B}.Release|Any CPU.Build.0 = Release|Any CPU
		{83D9FA64-4EB5-45C7-A462-81A62D25428B}.Release|ARM.ActiveCfg = Release|Any CPU
		{83D9FA64-4EB5-45C7-A462-81A62D25428B}.Release|ARM.Build.0 = Release|Any CPU
		{83D9FA64-4EB5-45C7-A462-81A62D25428B}.Release|x64.ActiveCfg = Release|Any CPU
		{83D9FA64-4EB5-45C7-A462-81A62D25428B}.Release|x64.Build.0 = Release|Any CPU
		{83D9FA64-4EB5-45C7-A462-81A62D25428B}.Release|x86.ActiveCfg = Release|Any CPU
		{83D9FA64-4EB5-45C7-A462-81A62D25428B}.Release|x86.Build.0 = Release|Any CPU
	EndGlobalSection
	GlobalSection(SolutionProperties) = preSolution
		HideSolutionNode = FALSE
	EndGlobalSection
	GlobalSection(NestedProjects) = preSolution
		{AFA7E606-B388-40A6-BB99-88F25223685F} = {D4C58903-6285-408F-BCA1-33CC76798C4E}
		{B8B48A9B-B68D-40F4-873B-C44DDBF20B1D} = {E16E18D4-7762-45C2-BADE-F0FA8651E82C}
		{DB00B639-F48A-43ED-95E1-BEC44961FA24} = {D4C58903-6285-408F-BCA1-33CC76798C4E}
		{5337FB7B-0491-441C-B9E8-0ADDDF02283E} = {D4C58903-6285-408F-BCA1-33CC76798C4E}
		{83D9FA64-4EB5-45C7-A462-81A62D25428B} = {E16E18D4-7762-45C2-BADE-F0FA8651E82C}
	EndGlobalSection
	GlobalSection(ExtensibilityGlobals) = postSolution
		SolutionGuid = {9D0E7C5F-50C1-4E4C-ACB0-ABDFAD827F2D}
	EndGlobalSection
EndGlobal
